
Microsoft Visual Studio Solution File, Format Version 12.00
# Visual Studio Version 16
VisualStudioVersion = 16.0.31702.278
MinimumVisualStudioVersion = 10.0.40219.1
Project("{FAE04EC0-301F-11D3-BF4B-00C04F79EFBC}") = "DotnetTest", "DotnetTest\DotnetTest.csproj", "{70E65BDC-9795-4242-BF33-658006418D6A}"
EndProject
Global
	GlobalSection(SolutionConfigurationPlatforms) = preSolution
		Debug|Any CPU = Debug|Any CPU
		Release|Any CPU = Release|Any CPU
	EndGlobalSection
	GlobalSection(ProjectConfigurationPlatforms) = postSolution
		{70E65BDC-9795-4242-BF33-658006418D6A}.Debug|Any CPU.ActiveCfg = Debug|Any CPU
		{70E65BDC-9795-4242-BF33-658006418D6A}.Debug|Any CPU.Build.0 = Debug|Any CPU
		{70E65BDC-9795-4242-BF33-658006418D6A}.Release|Any CPU.ActiveCfg = Release|Any CPU
		{70E65BDC-9795-4242-BF33-658006418D6A}.Release|Any CPU.Build.0 = Release|Any CPU
	EndGlobalSection
	GlobalSection(SolutionProperties) = preSolution
		HideSolutionNode = FALSE
	EndGlobalSection
	GlobalSection(ExtensibilityGlobals) = postSolution
		SolutionGuid = {9617D3F6-C3F9-49D3-8BBE-D527FFF5B068}
	EndGlobalSection
EndGlobal
